# Generated by fullsend lock — DO NOT EDIT
version: 1
generated_at: 2026-10-07T13:04:45.189927357Z
harnesses:
    triage:
        source: harness/triage.yaml
        sha256: 5ada8f85cee204e2fcb8ba6935b301345b3dc56ee3f306d6eafd35f7bc4312a7
        resolved_at: 2026-10-07T13:04:45.189925052Z
        dependencies:
            - field: agent_source
              url: https://raw.githubusercontent.com/fullsend-ai/agents/56b9aa3a2a5b02d0000d1bd3f8df2fd65560a294/harness/triage.yaml
              sha256: 5ada8f85cee204e2fcb8ba6935b301345b3dc56ee3f306d6eafd35f7bc4312a7
              type: file
              fetched_at: 2026-10-07T13:04:45.055433764Z
